// !$*UTF8*$!
{
	archiveVersion = 1;
	classes = {
	};
	objectVersion = 77;
	objects = {

/* Begin PBXBuildFile section */
		98EB540C2E8CD3A900AC749B /* ContainerAPIService in Frameworks */ = {isa = PBXBuildFile; productRef = 98EB540B2E8CD3A900AC749B /* ContainerAPIService */; };
		98EB540E2E8CD3A900AC749B /* ContainerBuild in Frameworks */ = {isa = PBXBuildFile; productRef = 98EB540D2E8CD3A900AC749B /* ContainerBuild */; };
		98EB54102E8CD3A900AC749B /* ContainerClient in Frameworks */ = {isa = PBXBuildFile; productRef = 98EB540F2E8CD3A900AC749B /* ContainerClient */; };
		98EB54122E8CD3A900AC749B /* ContainerCommands in Frameworks */ = {isa = PBXBuildFile; productRef = 98EB54112E8CD3A900AC749B /* ContainerCommands */; };
		98EB54142E8CD3A900AC749B /* ContainerImagesService in Frameworks */ = {isa = PBXBuildFile; productRef = 98EB54132E8CD3A900AC749B /* ContainerImagesService */; };
		98EB54162E8CD3A900AC749B /* ContainerLog in Frameworks */ = {isa = PBXBuildFile; productRef = 98EB54152E8CD3A900AC749B /* ContainerLog */; };
		98EB54182E8CD3A900AC749B /* ContainerNetworkService in Frameworks */ = {isa = PBXBuildFile; productRef = 98EB54172E8CD3A900AC749B /* ContainerNetworkService */; };
		98EB541A2E8CD3A900AC749B /* ContainerPersistence in Frameworks */ = {isa = PBXBuildFile; productRef = 98EB54192E8CD3A900AC749B /* ContainerPersistence */; };
		98EB541C2E8CD3A900AC749B /* ContainerPlugin in Frameworks */ = {isa = PBXBuildFile; productRef = 98EB541B2E8CD3A900AC749B /* ContainerPlugin */; };
		98EB541E2E8CD3A900AC749B /* ContainerSandboxService in Frameworks */ = {isa = PBXBuildFile; productRef = 98EB541D2E8CD3A900AC749B /* ContainerSandboxService */; };
		98EB54202E8CD3A900AC749B /* ContainerVersion in Frameworks */ = {isa = PBXBuildFile; productRef = 98EB541F2E8CD3A900AC749B /* ContainerVersion */; };
		98EB54222E8CD3A900AC749B /* ContainerXPC in Frameworks */ = {isa = PBXBuildFile; productRef = 98EB54212E8CD3A900AC749B /* ContainerXPC */; };
		98EB54242E8CD3A900AC749B /* SocketForwarder in Frameworks */ = {isa = PBXBuildFile; productRef = 98EB54232E8CD3A900AC749B /* SocketForwarder */; };
		98EB54252E8CEBB700AC749B /* ContainerBuild in Frameworks */ = {isa = PBXBuildFile; productRef = 98F2D4C82E6BF5A300633147 /* ContainerBuild */; };
		98EB542C2E8CEBB700AC749B /* ContainerClient in Frameworks */ = {isa = PBXBuildFile; productRef = 98F2D4D62E6BF5A300633147 /* ContainerClient */; };
		98EB542D2E8CEBB700AC749B /* ContainerImagesService in Frameworks */ = {isa = PBXBuildFile; productRef = 98F2D4D82E6BF5A300633147 /* ContainerImagesService */; };
		98EB542E2E8CEBB700AC749B /* ContainerLog in Frameworks */ = {isa = PBXBuildFile; productRef = 98F2D4DA2E6BF5A300633147 /* ContainerLog */; };
		98EB542F2E8CEBB700AC749B /* ContainerNetworkService in Frameworks */ = {isa = PBXBuildFile; productRef = 98F2D4DC2E6BF5A300633147 /* ContainerNetworkService */; };
		98EB54302E8CEBB700AC749B /* ContainerPersistence in Frameworks */ = {isa = PBXBuildFile; productRef = 98F2D4DE2E6BF5A300633147 /* ContainerPersistence */; };
		98EB54312E8CEBB700AC749B /* ContainerPlugin in Frameworks */ = {isa = PBXBuildFile; productRef = 98F2D4E02E6BF5A300633147 /* ContainerPlugin */; };
		98EB54322E8CEBB700AC749B /* ContainerSandboxService in Frameworks */ = {isa = PBXBuildFile; productRef = 98F2D4E22E6BF5A300633147 /* ContainerSandboxService */; };
		98EB54332E8CEBB700AC749B /* ContainerVersion in Frameworks */ = {isa = PBXBuildFile; productRef = 98F2D4E42E6BF5A300633147 /* ContainerVersion */; };
		98EB54342E8CEBB700AC749B /* ContainerXPC in Frameworks */ = {isa = PBXBuildFile; productRef = 98F2D4E62E6BF5A300633147 /* ContainerXPC */; };
		98EB54352E8CEBB700AC749B /* SocketForwarder in Frameworks */ = {isa = PBXBuildFile; productRef = 98F2D4E82E6BF5A300633147 /* SocketForwarder */; };
		98EB549F2E8CEC5300AC749B /* ContainerAPIService in Frameworks */ = {isa = PBXBuildFile; productRef = 98EB549E2E8CEC5300AC749B /* ContainerAPIService */; };
		98EB54A12E8CEC5300AC749B /* ContainerBuild in Frameworks */ = {isa = PBXBuildFile; productRef = 98EB54A02E8CEC5300AC749B /* ContainerBuild */; };
		98EB54A32E8CEC5300AC749B /* ContainerClient in Frameworks */ = {isa = PBXBuildFile; productRef = 98EB54A22E8CEC5300AC749B /* ContainerClient */; };
		98EB54A52E8CEC5300AC749B /* ContainerCommands in Frameworks */ = {isa = PBXBuildFile; productRef = 98EB54A42E8CEC5300AC749B /* ContainerCommands */; };
		98EB54A72E8CEC5300AC749B /* ContainerImagesService in Frameworks */ = {isa = PBXBuildFile; productRef = 98EB54A62E8CEC5300AC749B /* ContainerImagesService */; };
		98EB54A92E8CEC5300AC749B /* ContainerLog in Frameworks */ = {isa = PBXBuildFile; productRef = 98EB54A82E8CEC5300AC749B /* ContainerLog */; };
		98EB54AB2E8CEC5300AC749B /* ContainerNetworkService in Frameworks */ = {isa = PBXBuildFile; productRef = 98EB54AA2E8CEC5300AC749B /* ContainerNetworkService */; };
		98EB54AD2E8CEC5300AC749B /* ContainerPersistence in Frameworks */ = {isa = PBXBuildFile; productRef = 98EB54AC2E8CEC5300AC749B /* ContainerPersistence */; };
		98EB54AF2E8CEC5300AC749B /* ContainerPlugin in Frameworks */ = {isa = PBXBuildFile; productRef = 98EB54AE2E8CEC5300AC749B /* ContainerPlugin */; };
		98EB54B12E8CEC5300AC749B /* ContainerSandboxService in Frameworks */ = {isa = PBXBuildFile; productRef = 98EB54B02E8CEC5300AC749B /* ContainerSandboxService */; };
		98EB54B32E8CEC5300AC749B /* ContainerVersion in Frameworks */ = {isa = PBXBuildFile; productRef = 98EB54B22E8CEC5300AC749B /* ContainerVersion */; };
		98EB54B52E8CEC5300AC749B /* ContainerXPC in Frameworks */ = {isa = PBXBuildFile; productRef = 98EB54B42E8CEC5300AC749B /* ContainerXPC */; };
		98EB54B72E8CEC5300AC749B /* SocketForwarder in Frameworks */ = {isa = PBXBuildFile; productRef = 98EB54B62E8CEC5300AC749B /* SocketForwarder */; };
/* End PBXBuildFile section */

/* Begin PBXFileReference section */
		9829EC422E17BA3C00A9F8D3 /* AppleContainerDesktop.app */ = {isa = PBXFileReference; explicitFileType = wrapper.application; includeInIndex = 0; path = AppleContainerDesktop.app; sourceTree = BUILT_PRODUCTS_DIR; };
		983B3D142E71389C005E1934 /* .gitignore */ = {isa = PBXFileReference; lastKnownFileType = text; path = .gitignore; sourceTree = "<group>"; };
		983B3D152E71389C005E1934 /* LICENSE */ = {isa = PBXFileReference; lastKnownFileType = text; path = LICENSE; sourceTree = "<group>"; };
		9860436E2E6D4A8700FA9B43 /* README.md */ = {isa = PBXFileReference; lastKnownFileType = net.daringfireball.markdown; path = README.md; sourceTree = "<group>"; };
/* End PBXFileReference section */

/* Begin PBXFileSystemSynchronizedRootGroup section */
		9829EC442E17BA3C00A9F8D3 /* AppleContainerDesktop */ = {
			isa = PBXFileSystemSynchronizedRootGroup;
			path = AppleContainerDesktop;
			sourceTree = "<group>";
		};
		9863C6DD2E711F3900C4AE3C /* ReadmeAssets */ = {
			isa = PBXFileSystemSynchronizedRootGroup;
			path = ReadmeAssets;
			sourceTree = "<group>";
		};
/* End PBXFileSystemSynchronizedRootGroup section */

/* Begin PBXFrameworksBuildPhase section */
		9829EC3F2E17BA3C00A9F8D3 /* Frameworks */ = {
			isa = PBXFrameworksBuildPhase;
			buildActionMask = 2147483647;
			files = (
				98EB54352E8CEBB700AC749B /* SocketForwarder in Frameworks */,
				98EB54A12E8CEC5300AC749B /* ContainerBuild in Frameworks */,
				98EB54342E8CEBB700AC749B /* ContainerXPC in Frameworks */,
				98EB54332E8CEBB700AC749B /* ContainerVersion in Frameworks */,
				98EB54322E8CEBB700AC749B /* ContainerSandboxService in Frameworks */,
				98EB54312E8CEBB700AC749B /* ContainerPlugin in Frameworks */,
				98EB54302E8CEBB700AC749B /* ContainerPersistence in Frameworks */,
				98EB542F2E8CEBB700AC749B /* ContainerNetworkService in Frameworks */,
				98EB542E2E8CEBB700AC749B /* ContainerLog in Frameworks */,
				98EB54A92E8CEC5300AC749B /* ContainerLog in Frameworks */,
				98EB542D2E8CEBB700AC749B /* ContainerImagesService in Frameworks */,
				98EB542C2E8CEBB700AC749B /* ContainerClient in Frameworks */,
				98EB54A72E8CEC5300AC749B /* ContainerImagesService in Frameworks */,
				98EB54B72E8CEC5300AC749B /* SocketForwarder in Frameworks */,
				98EB54A52E8CEC5300AC749B /* ContainerCommands in Frameworks */,
				98EB54AB2E8CEC5300AC749B /* ContainerNetworkService in Frameworks */,
				98EB54252E8CEBB700AC749B /* ContainerBuild in Frameworks */,
				98EB540C2E8CD3A900AC749B /* ContainerAPIService in Frameworks */,
				98EB54102E8CD3A900AC749B /* ContainerClient in Frameworks */,
				98EB54222E8CD3A900AC749B /* ContainerXPC in Frameworks */,
				98EB54AF2E8CEC5300AC749B /* ContainerPlugin in Frameworks */,
				98EB54B12E8CEC5300AC749B /* ContainerSandboxService in Frameworks */,
				98EB54122E8CD3A900AC749B /* ContainerCommands in Frameworks */,
				98EB54162E8CD3A900AC749B /* ContainerLog in Frameworks */,
				98EB54B32E8CEC5300AC749B /* ContainerVersion in Frameworks */,
				98EB549F2E8CEC5300AC749B /* ContainerAPIService in Frameworks */,
				98EB54202E8CD3A900AC749B /* ContainerVersion in Frameworks */,
				98EB54B52E8CEC5300AC749B /* ContainerXPC in Frameworks */,
				98EB54242E8CD3A900AC749B /* SocketForwarder in Frameworks */,
				98EB541A2E8CD3A900AC749B /* ContainerPersistence in Frameworks */,
				98EB540E2E8CD3A900AC749B /* ContainerBuild in Frameworks */,
				98EB541E2E8CD3A900AC749B /* ContainerSandboxService in Frameworks */,
				98EB54182E8CD3A900AC749B /* ContainerNetworkService in Frameworks */,
				98EB54AD2E8CEC5300AC749B /* ContainerPersistence in Frameworks */,
				98EB541C2E8CD3A900AC749B /* ContainerPlugin in Frameworks */,
				98EB54A32E8CEC5300AC749B /* ContainerClient in Frameworks */,
				98EB54142E8CD3A900AC749B /* ContainerImagesService in Frameworks */,
			);
			runOnlyForDeploymentPostprocessing = 0;
		};
/* End PBXFrameworksBuildPhase section */

/* Begin PBXGroup section */
		9829EC392E17BA3C00A9F8D3 = {
			isa = PBXGroup;
			children = (
				983B3D142E71389C005E1934 /* .gitignore */,
				983B3D152E71389C005E1934 /* LICENSE */,
				9863C6DD2E711F3900C4AE3C /* ReadmeAssets */,
				9860436E2E6D4A8700FA9B43 /* README.md */,
				9829EC442E17BA3C00A9F8D3 /* AppleContainerDesktop */,
				986D17552E7BCB1000C8127F /* Frameworks */,
				9829EC432E17BA3C00A9F8D3 /* Products */,
			);
			sourceTree = "<group>";
		};
		9829EC432E17BA3C00A9F8D3 /* Products */ = {
			isa = PBXGroup;
			children = (
				9829EC422E17BA3C00A9F8D3 /* AppleContainerDesktop.app */,
			);
			name = Products;
			sourceTree = "<group>";
		};
		986D17552E7BCB1000C8127F /* Frameworks */ = {
			isa = PBXGroup;
			children = (
			);
			name = Frameworks;
			sourceTree = "<group>";
		};
/* End PBXGroup section */

/* Begin PBXNativeTarget section */
		9829EC412E17BA3C00A9F8D3 /* AppleContainerDesktop */ = {
			isa = PBXNativeTarget;
			buildConfigurationList = 9829EC4D2E17BA3D00A9F8D3 /* Build configuration list for PBXNativeTarget "AppleContainerDesktop" */;
			buildPhases = (
				9829EC3E2E17BA3C00A9F8D3 /* Sources */,
				9829EC3F2E17BA3C00A9F8D3 /* Frameworks */,
				9829EC402E17BA3C00A9F8D3 /* Resources */,
			);
			buildRules = (
			);
			dependencies = (
			);
			fileSystemSynchronizedGroups = (
				9829EC442E17BA3C00A9F8D3 /* AppleContainerDesktop */,
			);
			name = AppleContainerDesktop;
			packageProductDependencies = (
				98F2D4C82E6BF5A300633147 /* ContainerBuild */,
				98F2D4D62E6BF5A300633147 /* ContainerClient */,
				98F2D4D82E6BF5A300633147 /* ContainerImagesService */,
				98F2D4DA2E6BF5A300633147 /* ContainerLog */,
				98F2D4DC2E6BF5A300633147 /* ContainerNetworkService */,
				98F2D4DE2E6BF5A300633147 /* ContainerPersistence */,
				98F2D4E02E6BF5A300633147 /* ContainerPlugin */,
				98F2D4E22E6BF5A300633147 /* ContainerSandboxService */,
				98F2D4E42E6BF5A300633147 /* ContainerVersion */,
				98F2D4E62E6BF5A300633147 /* ContainerXPC */,
				98F2D4E82E6BF5A300633147 /* SocketForwarder */,
				98EB540B2E8CD3A900AC749B /* ContainerAPIService */,
				98EB540D2E8CD3A900AC749B /* ContainerBuild */,
				98EB540F2E8CD3A900AC749B /* ContainerClient */,
				98EB54112E8CD3A900AC749B /* ContainerCommands */,
				98EB54132E8CD3A900AC749B /* ContainerImagesService */,
				98EB54152E8CD3A900AC749B /* ContainerLog */,
				98EB54172E8CD3A900AC749B /* ContainerNetworkService */,
				98EB54192E8CD3A900AC749B /* ContainerPersistence */,
				98EB541B2E8CD3A900AC749B /* ContainerPlugin */,
				98EB541D2E8CD3A900AC749B /* ContainerSandboxService */,
				98EB541F2E8CD3A900AC749B /* ContainerVersion */,
				98EB54212E8CD3A900AC749B /* ContainerXPC */,
				98EB54232E8CD3A900AC749B /* SocketForwarder */,
				98EB549E2E8CEC5300AC749B /* ContainerAPIService */,
				98EB54A02E8CEC5300AC749B /* ContainerBuild */,
				98EB54A22E8CEC5300AC749B /* ContainerClient */,
				98EB54A42E8CEC5300AC749B /* ContainerCommands */,
				98EB54A62E8CEC5300AC749B /* ContainerImagesService */,
				98EB54A82E8CEC5300AC749B /* ContainerLog */,
				98EB54AA2E8CEC5300AC749B /* ContainerNetworkService */,
				98EB54AC2E8CEC5300AC749B /* ContainerPersistence */,
				98EB54AE2E8CEC5300AC749B /* ContainerPlugin */,
				98EB54B02E8CEC5300AC749B /* ContainerSandboxService */,
				98EB54B22E8CEC5300AC749B /* ContainerVersion */,
				98EB54B42E8CEC5300AC749B /* ContainerXPC */,
				98EB54B62E8CEC5300AC749B /* SocketForwarder */,
			);
			productName = AppleContainerDesktop;
			productReference = 9829EC422E17BA3C00A9F8D3 /* AppleContainerDesktop.app */;
			productType = "com.apple.product-type.application";
		};
/* End PBXNativeTarget section */

/* Begin PBXProject section */
		9829EC3A2E17BA3C00A9F8D3 /* Project object */ = {
			isa = PBXProject;
			attributes = {
				BuildIndependentTargetsInParallel = 1;
				LastSwiftUpdateCheck = 2600;
				LastUpgradeCheck = 2610;
				TargetAttributes = {
					9829EC412E17BA3C00A9F8D3 = {
						CreatedOnToolsVersion = 26.0;
					};
				};
			};
			buildConfigurationList = 9829EC3D2E17BA3C00A9F8D3 /* Build configuration list for PBXProject "AppleContainerDesktop" */;
			developmentRegion = en;
			hasScannedForEncodings = 0;
			knownRegions = (
				en,
				Base,
			);
			mainGroup = 9829EC392E17BA3C00A9F8D3;
			minimizedProjectReferenceProxies = 1;
			packageReferences = (
				98EB549D2E8CEC5300AC749B /* XCRemoteSwiftPackageReference "container" */,
			);
			preferredProjectObjectVersion = 77;
			productRefGroup = 9829EC432E17BA3C00A9F8D3 /* Products */;
			projectDirPath = "";
			projectRoot = "";
			targets = (
				9829EC412E17BA3C00A9F8D3 /* AppleContainerDesktop */,
			);
		};
/* End PBXProject section */

/* Begin PBXResourcesBuildPhase section */
		9829EC402E17BA3C00A9F8D3 /* Resources */ = {
			isa = PBXResourcesBuildPhase;
			buildActionMask = 2147483647;
			files = (
			);
			runOnlyForDeploymentPostprocessing = 0;
		};
/* End PBXResourcesBuildPhase section */

/* Begin PBXSourcesBuildPhase section */
		9829EC3E2E17BA3C00A9F8D3 /* Sources */ = {
			isa = PBXSourcesBuildPhase;
			buildActionMask = 2147483647;
			files = (
			);
			runOnlyForDeploymentPostprocessing = 0;
		};
/* End PBXSourcesBuildPhase section */

/* Begin XCBuildConfiguration section */
		9829EC4B2E17BA3D00A9F8D3 /* Debug */ = {
			isa = XCBuildConfiguration;
			buildSettings = {
				ALWAYS_SEARCH_USER_PATHS = NO;
				ASSETCATALOG_COMPILER_GENERATE_SWIFT_ASSET_SYMBOL_EXTENSIONS = YES;
				CLANG_ANALYZER_NONNULL = YES;
				CLANG_ANALYZER_NUMBER_OBJECT_CONVERSION = YES_AGGRESSIVE;
				CLANG_CXX_LANGUAGE_STANDARD = "gnu++20";
				CLANG_ENABLE_MODULES = YES;
				CLANG_ENABLE_OBJC_ARC = YES;
				CLANG_ENABLE_OBJC_WEAK = YES;
				CLANG_WARN_BLOCK_CAPTURE_AUTORELEASING = YES;
				CLANG_WARN_BOOL_CONVERSION = YES;
				CLANG_WARN_COMMA = YES;
				CLANG_WARN_CONSTANT_CONVERSION = YES;
				CLANG_WARN_DEPRECATED_OBJC_IMPLEMENTATIONS = YES;
				CLANG_WARN_DIRECT_OBJC_ISA_USAGE = YES_ERROR;
				CLANG_WARN_DOCUMENTATION_COMMENTS = YES;
				CLANG_WARN_EMPTY_BODY = YES;
				CLANG_WARN_ENUM_CONVERSION = YES;
				CLANG_WARN_INFINITE_RECURSION = YES;
				CLANG_WARN_INT_CONVERSION = YES;
				CLANG_WARN_NON_LITERAL_NULL_CONVERSION = YES;
				CLANG_WARN_OBJC_IMPLICIT_RETAIN_SELF = YES;
				CLANG_WARN_OBJC_LITERAL_CONVERSION = YES;
				CLANG_WARN_OBJC_ROOT_CLASS = YES_ERROR;
				CLANG_WARN_QUOTED_INCLUDE_IN_FRAMEWORK_HEADER = YES;
				CLANG_WARN_RANGE_LOOP_ANALYSIS = YES;
				CLANG_WARN_STRICT_PROTOTYPES = YES;
				CLANG_WARN_SUSPICIOUS_MOVE = YES;
				CLANG_WARN_UNGUARDED_AVAILABILITY = YES_AGGRESSIVE;
				CLANG_WARN_UNREACHABLE_CODE = YES;
				CLANG_WARN__DUPLICATE_METHOD_MATCH = YES;
				COPY_PHASE_STRIP = NO;
				DEAD_CODE_STRIPPING = YES;
				DEBUG_INFORMATION_FORMAT = dwarf;
				DEVELOPMENT_TEAM = NLTYK5T6U3;
				ENABLE_STRICT_OBJC_MSGSEND = YES;
				ENABLE_TESTABILITY = YES;
				ENABLE_USER_SCRIPT_SANDBOXING = YES;
				GCC_C_LANGUAGE_STANDARD = gnu17;
				GCC_DYNAMIC_NO_PIC = NO;
				GCC_NO_COMMON_BLOCKS = YES;
				GCC_OPTIMIZATION_LEVEL = 0;
				GCC_PREPROCESSOR_DEFINITIONS = (
					"DEBUG=1",
					"$(inherited)",
				);
				GCC_WARN_64_TO_32_BIT_CONVERSION = YES;
				GCC_WARN_ABOUT_RETURN_TYPE = YES_ERROR;
				GCC_WARN_UNDECLARED_SELECTOR = YES;
				GCC_WARN_UNINITIALIZED_AUTOS = YES_AGGRESSIVE;
				GCC_WARN_UNUSED_FUNCTION = YES;
				GCC_WARN_UNUSED_VARIABLE = YES;
				LOCALIZATION_PREFERS_STRING_CATALOGS = YES;
				MACOSX_DEPLOYMENT_TARGET = 26.0;
				MTL_ENABLE_DEBUG_INFO = INCLUDE_SOURCE;
				MTL_FAST_MATH = YES;
				ONLY_ACTIVE_ARCH = YES;
				SDKROOT = macosx;
				STRING_CATALOG_GENERATE_SYMBOLS = YES;
				SWIFT_ACTIVE_COMPILATION_CONDITIONS = "DEBUG $(inherited)";
				SWIFT_OPTIMIZATION_LEVEL = "-Onone";
				SWIFT_VERSION = 6.0;
			};
			name = Debug;
		};
		9829EC4C2E17BA3D00A9F8D3 /* Release */ = {
			isa = XCBuildConfiguration;
			buildSettings = {
				ALWAYS_SEARCH_USER_PATHS = NO;
				ASSETCATALOG_COMPILER_GENERATE_SWIFT_ASSET_SYMBOL_EXTENSIONS = YES;
				CLANG_ANALYZER_NONNULL = YES;
				CLANG_ANALYZER_NUMBER_OBJECT_CONVERSION = YES_AGGRESSIVE;
				CLANG_CXX_LANGUAGE_STANDARD = "gnu++20";
				CLANG_ENABLE_MODULES = YES;
				CLANG_ENABLE_OBJC_ARC = YES;
				CLANG_ENABLE_OBJC_WEAK = YES;
				CLANG_WARN_BLOCK_CAPTURE_AUTORELEASING = YES;
				CLANG_WARN_BOOL_CONVERSION = YES;
				CLANG_WARN_COMMA = YES;
				CLANG_WARN_CONSTANT_CONVERSION = YES;
				CLANG_WARN_DEPRECATED_OBJC_IMPLEMENTATIONS = YES;
				CLANG_WARN_DIRECT_OBJC_ISA_USAGE = YES_ERROR;
				CLANG_WARN_DOCUMENTATION_COMMENTS = YES;
				CLANG_WARN_EMPTY_BODY = YES;
				CLANG_WARN_ENUM_CONVERSION = YES;
				CLANG_WARN_INFINITE_RECURSION = YES;
				CLANG_WARN_INT_CONVERSION = YES;
				CLANG_WARN_NON_LITERAL_NULL_CONVERSION = YES;
				CLANG_WARN_OBJC_IMPLICIT_RETAIN_SELF = YES;
				CLANG_WARN_OBJC_LITERAL_CONVERSION = YES;
				CLANG_WARN_OBJC_ROOT_CLASS = YES_ERROR;
				CLANG_WARN_QUOTED_INCLUDE_IN_FRAMEWORK_HEADER = YES;
				CLANG_WARN_RANGE_LOOP_ANALYSIS = YES;
				CLANG_WARN_STRICT_PROTOTYPES = YES;
				CLANG_WARN_SUSPICIOUS_MOVE = YES;
				CLANG_WARN_UNGUARDED_AVAILABILITY = YES_AGGRESSIVE;
				CLANG_WARN_UNREACHABLE_CODE = YES;
				CLANG_WARN__DUPLICATE_METHOD_MATCH = YES;
				COPY_PHASE_STRIP = NO;
				DEAD_CODE_STRIPPING = YES;
				DEBUG_INFORMATION_FORMAT = "dwarf-with-dsym";
				DEVELOPMENT_TEAM = NLTYK5T6U3;
				ENABLE_NS_ASSERTIONS = NO;
				ENABLE_STRICT_OBJC_MSGSEND = YES;
				ENABLE_USER_SCRIPT_SANDBOXING = YES;
				GCC_C_LANGUAGE_STANDARD = gnu17;
				GCC_NO_COMMON_BLOCKS = YES;
				GCC_WARN_64_TO_32_BIT_CONVERSION = YES;
				GCC_WARN_ABOUT_RETURN_TYPE = YES_ERROR;
				GCC_WARN_UNDECLARED_SELECTOR = YES;
				GCC_WARN_UNINITIALIZED_AUTOS = YES_AGGRESSIVE;
				GCC_WARN_UNUSED_FUNCTION = YES;
				GCC_WARN_UNUSED_VARIABLE = YES;
				LOCALIZATION_PREFERS_STRING_CATALOGS = YES;
				MACOSX_DEPLOYMENT_TARGET = 26.0;
				MTL_ENABLE_DEBUG_INFO = NO;
				MTL_FAST_MATH = YES;
				SDKROOT = macosx;
				STRING_CATALOG_GENERATE_SYMBOLS = YES;
				SWIFT_COMPILATION_MODE = wholemodule;
				SWIFT_VERSION = 6.0;
			};
			name = Release;
		};
		9829EC4E2E17BA3D00A9F8D3 /* Debug */ = {
			isa = XCBuildConfiguration;
			buildSettings = {
				ASSETCATALOG_COMPILER_APPICON_NAME = AppIcon;
				ASSETCATALOG_COMPILER_GLOBAL_ACCENT_COLOR_NAME = AccentColor;
				AUTOMATION_APPLE_EVENTS = NO;
				CODE_SIGN_STYLE = Automatic;
				COMBINE_HIDPI_IMAGES = YES;
				CURRENT_PROJECT_VERSION = 1;
				DEAD_CODE_STRIPPING = YES;
				ENABLE_APP_SANDBOX = NO;
				ENABLE_HARDENED_RUNTIME = YES;
				ENABLE_PREVIEWS = YES;
				ENABLE_RESOURCE_ACCESS_AUDIO_INPUT = NO;
				ENABLE_RESOURCE_ACCESS_CALENDARS = NO;
				ENABLE_RESOURCE_ACCESS_CAMERA = NO;
				ENABLE_RESOURCE_ACCESS_CONTACTS = NO;
				ENABLE_RESOURCE_ACCESS_LOCATION = NO;
				ENABLE_RESOURCE_ACCESS_PHOTO_LIBRARY = NO;
				GENERATE_INFOPLIST_FILE = YES;
				INFOPLIST_KEY_LSApplicationCategoryType = "public.app-category.productivity";
				INFOPLIST_KEY_LSUIElement = YES;
				INFOPLIST_KEY_NSHumanReadableCopyright = "";
				INFOPLIST_KEY_UIUserInterfaceStyle = Dark;
				LD_RUNPATH_SEARCH_PATHS = (
					"$(inherited)",
					"@executable_path/../Frameworks",
				);
				MARKETING_VERSION = 1.1;
				PRODUCT_BUNDLE_IDENTIFIER = itsuki.enjoy.AppleContainerDesktop;
				PRODUCT_NAME = "$(TARGET_NAME)";
				REGISTER_APP_GROUPS = YES;
				RUNTIME_EXCEPTION_ALLOW_DYLD_ENVIRONMENT_VARIABLES = NO;
				RUNTIME_EXCEPTION_ALLOW_JIT = NO;
				RUNTIME_EXCEPTION_ALLOW_UNSIGNED_EXECUTABLE_MEMORY = NO;
				RUNTIME_EXCEPTION_DEBUGGING_TOOL = NO;
				RUNTIME_EXCEPTION_DISABLE_EXECUTABLE_PAGE_PROTECTION = NO;
				RUNTIME_EXCEPTION_DISABLE_LIBRARY_VALIDATION = NO;
				STRING_CATALOG_GENERATE_SYMBOLS = YES;
				SWIFT_DEFAULT_ACTOR_ISOLATION = MainActor;
				SWIFT_EMIT_LOC_STRINGS = YES;
				SWIFT_UPCOMING_FEATURE_MEMBER_IMPORT_VISIBILITY = YES;
				SWIFT_VERSION = 6.0;
			};
			name = Debug;
		};
		9829EC4F2E17BA3D00A9F8D3 /* Release */ = {
			isa = XCBuildConfiguration;
			buildSettings = {
				ASSETCATALOG_COMPILER_APPICON_NAME = AppIcon;
				ASSETCATALOG_COMPILER_GLOBAL_ACCENT_COLOR_NAME = AccentColor;
				AUTOMATION_APPLE_EVENTS = NO;
				CODE_SIGN_STYLE = Automatic;
				COMBINE_HIDPI_IMAGES = YES;
				CURRENT_PROJECT_VERSION = 1;
				DEAD_CODE_STRIPPING = YES;
				ENABLE_APP_SANDBOX = NO;
				ENABLE_HARDENED_RUNTIME = YES;
				ENABLE_PREVIEWS = YES;
				ENABLE_RESOURCE_ACCESS_AUDIO_INPUT = NO;
				ENABLE_RESOURCE_ACCESS_CALENDARS = NO;
				ENABLE_RESOURCE_ACCESS_CAMERA = NO;
				ENABLE_RESOURCE_ACCESS_CONTACTS = NO;
				ENABLE_RESOURCE_ACCESS_LOCATION = NO;
				ENABLE_RESOURCE_ACCESS_PHOTO_LIBRARY = NO;
				GENERATE_INFOPLIST_FILE = YES;
				INFOPLIST_KEY_LSApplicationCategoryType = "public.app-category.productivity";
				INFOPLIST_KEY_LSUIElement = YES;
				INFOPLIST_KEY_NSHumanReadableCopyright = "";
				INFOPLIST_KEY_UIUserInterfaceStyle = Dark;
				LD_RUNPATH_SEARCH_PATHS = (
					"$(inherited)",
					"@executable_path/../Frameworks",
				);
				MARKETING_VERSION = 1.1;
				PRODUCT_BUNDLE_IDENTIFIER = itsuki.enjoy.AppleContainerDesktop;
				PRODUCT_NAME = "$(TARGET_NAME)";
				REGISTER_APP_GROUPS = YES;
				RUNTIME_EXCEPTION_ALLOW_DYLD_ENVIRONMENT_VARIABLES = NO;
				RUNTIME_EXCEPTION_ALLOW_JIT = NO;
				RUNTIME_EXCEPTION_ALLOW_UNSIGNED_EXECUTABLE_MEMORY = NO;
				RUNTIME_EXCEPTION_DEBUGGING_TOOL = NO;
				RUNTIME_EXCEPTION_DISABLE_EXECUTABLE_PAGE_PROTECTION = NO;
				RUNTIME_EXCEPTION_DISABLE_LIBRARY_VALIDATION = NO;
				STRING_CATALOG_GENERATE_SYMBOLS = YES;
				SWIFT_DEFAULT_ACTOR_ISOLATION = MainActor;
				SWIFT_EMIT_LOC_STRINGS = YES;
				SWIFT_UPCOMING_FEATURE_MEMBER_IMPORT_VISIBILITY = YES;
				SWIFT_VERSION = 6.0;
			};
			name = Release;
		};
/* End XCBuildConfiguration section */

/* Begin XCConfigurationList section */
		9829EC3D2E17BA3C00A9F8D3 /* Build configuration list for PBXProject "AppleContainerDesktop" */ = {
			isa = XCConfigurationList;
			buildConfigurations = (
				9829EC4B2E17BA3D00A9F8D3 /* Debug */,
				9829EC4C2E17BA3D00A9F8D3 /* Release */,
			);
			defaultConfigurationIsVisible = 0;
			defaultConfigurationName = Release;
		};
		9829EC4D2E17BA3D00A9F8D3 /* Build configuration list for PBXNativeTarget "AppleContainerDesktop" */ = {
			isa = XCConfigurationList;
			buildConfigurations = (
				9829EC4E2E17BA3D00A9F8D3 /* Debug */,
				9829EC4F2E17BA3D00A9F8D3 /* Release */,
			);
			defaultConfigurationIsVisible = 0;
			defaultConfigurationName = Release;
		};
/* End XCConfigurationList section */

/* Begin XCRemoteSwiftPackageReference section */
		98EB549D2E8CEC5300AC749B /* XCRemoteSwiftPackageReference "container" */ = {
			isa = XCRemoteSwiftPackageReference;
			repositoryURL = "https://github.com/apple/container";
			requirement = {
				branch = main;
				kind = branch;
			};
		};
/* End XCRemoteSwiftPackageReference section */

/* Begin XCSwiftPackageProductDependency section */
		98EB540B2E8CD3A900AC749B /* ContainerAPIService */ = {
			isa = XCSwiftPackageProductDependency;
			productName = ContainerAPIService;
		};
		98EB540D2E8CD3A900AC749B /* ContainerBuild */ = {
			isa = XCSwiftPackageProductDependency;
			productName = ContainerBuild;
		};
		98EB540F2E8CD3A900AC749B /* ContainerClient */ = {
			isa = XCSwiftPackageProductDependency;
			productName = ContainerClient;
		};
		98EB54112E8CD3A900AC749B /* ContainerCommands */ = {
			isa = XCSwiftPackageProductDependency;
			productName = ContainerCommands;
		};
		98EB54132E8CD3A900AC749B /* ContainerImagesService */ = {
			isa = XCSwiftPackageProductDependency;
			productName = ContainerImagesService;
		};
		98EB54152E8CD3A900AC749B /* ContainerLog */ = {
			isa = XCSwiftPackageProductDependency;
			productName = ContainerLog;
		};
		98EB54172E8CD3A900AC749B /* ContainerNetworkService */ = {
			isa = XCSwiftPackageProductDependency;
			productName = ContainerNetworkService;
		};
		98EB54192E8CD3A900AC749B /* ContainerPersistence */ = {
			isa = XCSwiftPackageProductDependency;
			productName = ContainerPersistence;
		};
		98EB541B2E8CD3A900AC749B /* ContainerPlugin */ = {
			isa = XCSwiftPackageProductDependency;
			productName = ContainerPlugin;
		};
		98EB541D2E8CD3A900AC749B /* ContainerSandboxService */ = {
			isa = XCSwiftPackageProductDependency;
			productName = ContainerSandboxService;
		};
		98EB541F2E8CD3A900AC749B /* ContainerVersion */ = {
			isa = XCSwiftPackageProductDependency;
			productName = ContainerVersion;
		};
		98EB54212E8CD3A900AC749B /* ContainerXPC */ = {
			isa = XCSwiftPackageProductDependency;
			productName = ContainerXPC;
		};
		98EB54232E8CD3A900AC749B /* SocketForwarder */ = {
			isa = XCSwiftPackageProductDependency;
			productName = SocketForwarder;
		};
		98EB549E2E8CEC5300AC749B /* ContainerAPIService */ = {
			isa = XCSwiftPackageProductDependency;
			package = 98EB549D2E8CEC5300AC749B /* XCRemoteSwiftPackageReference "container" */;
			productName = ContainerAPIService;
		};
		98EB54A02E8CEC5300AC749B /* ContainerBuild */ = {
			isa = XCSwiftPackageProductDependency;
			package = 98EB549D2E8CEC5300AC749B /* XCRemoteSwiftPackageReference "container" */;
			productName = ContainerBuild;
		};
		98EB54A22E8CEC5300AC749B /* ContainerClient */ = {
			isa = XCSwiftPackageProductDependency;
			package = 98EB549D2E8CEC5300AC749B /* XCRemoteSwiftPackageReference "container" */;
			productName = ContainerClient;
		};
		98EB54A42E8CEC5300AC749B /* ContainerCommands */ = {
			isa = XCSwiftPackageProductDependency;
			package = 98EB549D2E8CEC5300AC749B /* XCRemoteSwiftPackageReference "container" */;
			productName = ContainerCommands;
		};
		98EB54A62E8CEC5300AC749B /* ContainerImagesService */ = {
			isa = XCSwiftPackageProductDependency;
			package = 98EB549D2E8CEC5300AC749B /* XCRemoteSwiftPackageReference "container" */;
			productName = ContainerImagesService;
		};
		98EB54A82E8CEC5300AC749B /* ContainerLog */ = {
			isa = XCSwiftPackageProductDependency;
			package = 98EB549D2E8CEC5300AC749B /* XCRemoteSwiftPackageReference "container" */;
			productName = ContainerLog;
		};
		98EB54AA2E8CEC5300AC749B /* ContainerNetworkService */ = {
			isa = XCSwiftPackageProductDependency;
			package = 98EB549D2E8CEC5300AC749B /* XCRemoteSwiftPackageReference "container" */;
			productName = ContainerNetworkService;
		};
		98EB54AC2E8CEC5300AC749B /* ContainerPersistence */ = {
			isa = XCSwiftPackageProductDependency;
			package = 98EB549D2E8CEC5300AC749B /* XCRemoteSwiftPackageReference "container" */;
			productName = ContainerPersistence;
		};
		98EB54AE2E8CEC5300AC749B /* ContainerPlugin */ = {
			isa = XCSwiftPackageProductDependency;
			package = 98EB549D2E8CEC5300AC749B /* XCRemoteSwiftPackageReference "container" */;
			productName = ContainerPlugin;
		};
		98EB54B02E8CEC5300AC749B /* ContainerSandboxService */ = {
			isa = XCSwiftPackageProductDependency;
			package = 98EB549D2E8CEC5300AC749B /* XCRemoteSwiftPackageReference "container" */;
			productName = ContainerSandboxService;
		};
		98EB54B22E8CEC5300AC749B /* ContainerVersion */ = {
			isa = XCSwiftPackageProductDependency;
			package = 98EB549D2E8CEC5300AC749B /* XCRemoteSwiftPackageReference "container" */;
			productName = ContainerVersion;
		};
		98EB54B42E8CEC5300AC749B /* ContainerXPC */ = {
			isa = XCSwiftPackageProductDependency;
			package = 98EB549D2E8CEC5300AC749B /* XCRemoteSwiftPackageReference "container" */;
			productName = ContainerXPC;
		};
		98EB54B62E8CEC5300AC749B /* SocketForwarder */ = {
			isa = XCSwiftPackageProductDependency;
			package = 98EB549D2E8CEC5300AC749B /* XCRemoteSwiftPackageReference "container" */;
			productName = SocketForwarder;
		};
		98F2D4C82E6BF5A300633147 /* ContainerBuild */ = {
			isa = XCSwiftPackageProductDependency;
			productName = ContainerBuild;
		};
		98F2D4D62E6BF5A300633147 /* ContainerClient */ = {
			isa = XCSwiftPackageProductDependency;
			productName = ContainerClient;
		};
		98F2D4D82E6BF5A300633147 /* ContainerImagesService */ = {
			isa = XCSwiftPackageProductDependency;
			productName = ContainerImagesService;
		};
		98F2D4DA2E6BF5A300633147 /* ContainerLog */ = {
			isa = XCSwiftPackageProductDependency;
			productName = ContainerLog;
		};
		98F2D4DC2E6BF5A300633147 /* ContainerNetworkService */ = {
			isa = XCSwiftPackageProductDependency;
			productName = ContainerNetworkService;
		};
		98F2D4DE2E6BF5A300633147 /* ContainerPersistence */ = {
			isa = XCSwiftPackageProductDependency;
			productName = ContainerPersistence;
		};
		98F2D4E02E6BF5A300633147 /* ContainerPlugin */ = {
			isa = XCSwiftPackageProductDependency;
			productName = ContainerPlugin;
		};
		98F2D4E22E6BF5A300633147 /* ContainerSandboxService */ = {
			isa = XCSwiftPackageProductDependency;
			productName = ContainerSandboxService;
		};
		98F2D4E42E6BF5A300633147 /* ContainerVersion */ = {
			isa = XCSwiftPackageProductDependency;
			productName = ContainerVersion;
		};
		98F2D4E62E6BF5A300633147 /* ContainerXPC */ = {
			isa = XCSwiftPackageProductDependency;
			productName = ContainerXPC;
		};
		98F2D4E82E6BF5A300633147 /* SocketForwarder */ = {
			isa = XCSwiftPackageProductDependency;
			productName = SocketForwarder;
		};
/* End XCSwiftPackageProductDependency section */
	};
	rootObject = 9829EC3A2E17BA3C00A9F8D3 /* Project object */;
}
